
Microsoft Visual Studio Solution File, Format Version 12.00
# Visual Studio 15
VisualStudioVersion = 15.0.28307.1585
MinimumVisualStudioVersion = 10.0.40219.1
Project("{FAE04EC0-301F-11D3-BF4B-00C04F79EFBC}") = "壳体参数化", "壳体参数化\壳体参数化.csproj", "{E81D18E4-E5CF-437C-AA12-AA6566DCC0CB}"
EndProject
Global
	GlobalSection(SolutionConfigurationPlatforms) = preSolution
		Debug|Any CPU = Debug|Any CPU
		Release|Any CPU = Release|Any CPU
	EndGlobalSection
	GlobalSection(ProjectConfigurationPlatforms) = postSolution
		{E81D18E4-E5CF-437C-AA12-AA6566DCC0CB}.Debug|Any CPU.ActiveCfg = Debug|Any CPU
		{E81D18E4-E5CF-437C-AA12-AA6566DCC0CB}.Debug|Any CPU.Build.0 = Debug|Any CPU
		{E81D18E4-E5CF-437C-AA12-AA6566DCC0CB}.Release|Any CPU.ActiveCfg = Release|Any CPU
		{E81D18E4-E5CF-437C-AA12-AA6566DCC0CB}.Release|Any CPU.Build.0 = Release|Any CPU
	EndGlobalSection
	GlobalSection(SolutionProperties) = preSolution
		HideSolutionNode = FALSE
	EndGlobalSection
	GlobalSection(ExtensibilityGlobals) = postSolution
		SolutionGuid = {92D42A33-7A5D-40A6-BE27-478B0E790A86}
	EndGlobalSection
EndGlobal
